
Microsoft Visual Studio Solution File, Format Version 12.00
# Visual Studio Version 17
VisualStudioVersion = 17.5.002.0
MinimumVisualStudioVersion = 10.0.40219.1
Project("{2150E333-8FDC-42A3-9474-1A3956D46DE8}") = "csharp-prep", "csharp-prep", "{B080DF7A-69FE-4BBF-BD0C-194F7BF5CCED}"
EndProject
Project("{9A19103F-16F7-4668-BE54-9A1E7A4F7556}") = "Prep1", "csharp-prep\Prep1\Prep1.csproj", "{706DB19C-39F9-4896-BF28-D7F25290D216}"
EndProject
Project("{9A19103F-16F7-4668-BE54-9A1E7A4F7556}") = "Prep2", "csharp-prep\Prep2\Prep2.csproj", "{A57D60A6-74AF-4AC8-872F-7D383A314F80}"
EndProject
Project("{9A19103F-16F7-4668-BE54-9A1E7A4F7556}") = "Prep3", "csharp-prep\Prep3\Prep3.csproj", "{18D6BEE8-4F15-4D97-B929-B3667903050D}"
EndProject
Project("{9A19103F-16F7-4668-BE54-9A1E7A4F7556}") = "Prep4", "csharp-prep\Prep4\Prep4.csproj", "{998BE3A2-D772-4FA1-B070-4D9DEEC19B90}"
EndProject
Project("{9A19103F-16F7-4668-BE54-9A1E7A4F7556}") = "Prep5", "csharp-prep\Prep5\Prep5.csproj", "{3DB39C5A-118C-4453-BC8D-3D0A77E565A1}"
EndProject
Project("{2150E333-8FDC-42A3-9474-1A3956D46DE8}") = "final", "final", "{F928E806-C0A5-41B2-ABE4-F94AA4C88DC0}"
EndProject
Project("{9A19103F-16F7-4668-BE54-9A1E7A4F7556}") = "FinalProject", "final\FinalProject\FinalProject.csproj", "{E655F52D-7316-4CDF-9598-016478C27C88}"
EndProject
Project("{9A19103F-16F7-4668-BE54-9A1E7A4F7556}") = "Foundation1", "final\Foundation1\Foundation1.csproj", "{96386FD3-BD9F-4200-979E-007EDC4358C7}"
EndProject
Project("{9A19103F-16F7-4668-BE54-9A1E7A4F7556}") = "Foundation2", "final\Foundation2\Foundation2.csproj", "{C17C66C5-F774-4646-A3A3-B0EF75B458B9}"
EndProject
Project("{9A19103F-16F7-4668-BE54-9A1E7A4F7556}") = "Foundation3", "final\Foundation3\Foundation3.csproj", "{A983D36F-E3C8-4731-9914-E2BC2D8726D9}"
EndProject
Project("{9A19103F-16F7-4668-BE54-9A1E7A4F7556}") = "Foundation4", "final\Foundation4\Foundation4.csproj", "{218E571C-770D-493B-83B7-DFE7A67D346D}"
EndProject
Project("{2150E333-8FDC-42A3-9474-1A3956D46DE8}") = "prepare", "prepare", "{5FA818E1-802F-4F0B-8AEE-4C380EB1F118}"
EndProject
Project("{9A19103F-16F7-4668-BE54-9A1E7A4F7556}") = "Learning02", "prepare\Learning02\Learning02.csproj", "{252D90ED-74FB-4B38-B06A-C2462B137F64}"
EndProject
Project("{9A19103F-16F7-4668-BE54-9A1E7A4F7556}") = "Learning03", "prepare\Learning03\Learning03.csproj", "{71E79260-D9E8-4B2B-967D-336A69B818BA}"
EndProject
Project("{9A19103F-16F7-4668-BE54-9A1E7A4F7556}") = "Learning04", "prepare\Learning04\Learning04.csproj", "{3123E1C2-2EFF-4D45-99F3-B38626170E00}"
EndProject
Project("{9A19103F-16F7-4668-BE54-9A1E7A4F7556}") = "Learning05", "prepare\Learning05\Learning05.csproj", "{DAB87FF8-E170-4660-AC2B-95B25FCE7721}"
EndProject
Project("{2150E333-8FDC-42A3-9474-1A3956D46DE8}") = "prove", "prove", "{BF697E4A-ABDA-47EF-8406-BBD3FAB8C34F}"
EndProject
Project("{9A19103F-16F7-4668-BE54-9A1E7A4F7556}") = "Develop02", "prove\Develop02\Develop02.csproj", "{530EE0D4-6D54-4302-9321-371E65DC592A}"
EndProject
Project("{9A19103F-16F7-4668-BE54-9A1E7A4F7556}") = "Develop03", "prove\Develop03\Develop03.csproj", "{805311BF-C03D-47D6-BE71-8094B408C012}"
EndProject
Project("{9A19103F-16F7-4668-BE54-9A1E7A4F7556}") = "Develop04", "prove\Develop04\Develop04.csproj", "{3A3B32CC-4BFD-4E5A-80CC-26C25FF90E20}"
EndProject
Project("{9A19103F-16F7-4668-BE54-9A1E7A4F7556}") = "Develop05", "prove\Develop05\Develop05.csproj", "{574995F4-9EC4-47A6-B6A9-72F7D3170591}"
EndProject
Project("{2150E333-8FDC-42A3-9474-1A3956D46DE8}") = "sandbox", "sandbox", "{D8EAB255-2D1E-44D3-82DB-E949E38D19B5}"
EndProject
Project("{9A19103F-16F7-4668-BE54-9A1E7A4F7556}") = "Sandbox", "sandbox\Sandbox\Sandbox.csproj", "{8E516AC9-2206-4BAF-994F-1F7469D22F98}"
EndProject
Global
	GlobalSection(SolutionConfigurationPlatforms) = preSolution
		Debug|Any CPU = Debug|Any CPU
		Release|Any CPU = Release|Any CPU
	EndGlobalSection
	GlobalSection(ProjectConfigurationPlatforms) = postSolution
		{706DB19C-39F9-4896-BF28-D7F25290D216}.Debug|Any CPU.ActiveCfg = Debug|Any CPU
		{706DB19C-39F9-4896-BF28-D7F25290D216}.Debug|Any CPU.Build.0 = Debug|Any CPU
		{706DB19C-39F9-4896-BF28-D7F25290D216}.Release|Any CPU.ActiveCfg = Release|Any CPU
		{706DB19C-39F9-4896-BF28-D7F25290D216}.Release|Any CPU.Build.0 = Release|Any CPU
		{A57D60A6-74AF-4AC8-872F-7D383A314F80}.Debug|Any CPU.ActiveCfg = Debug|Any CPU
		{A57D60A6-74AF-4AC8-872F-7D383A314F80}.Debug|Any CPU.Build.0 = Debug|Any CPU
		{A57D60A6-74AF-4AC8-872F-7D383A314F80}.Release|Any CPU.ActiveCfg = Release|Any CPU
		{A57D60A6-74AF-4AC8-872F-7D383A314F80}.Release|Any CPU.Build.0 = Release|Any CPU
		{18D6BEE8-4F15-4D97-B929-B3667903050D}.Debug|Any CPU.ActiveCfg = Debug|Any CPU
		{18D6BEE8-4F15-4D97-B929-B3667903050D}.Debug|Any CPU.Build.0 = Debug|Any CPU
		{18D6BEE8-4F15-4D97-B929-B3667903050D}.Release|Any CPU.ActiveCfg = Release|Any CPU
		{18D6BEE8-4F15-4D97-B929-B3667903050D}.Release|Any CPU.Build.0 = Release|Any CPU
		{998BE3A2-D772-4FA1-B070-4D9DEEC19B90}.Debug|Any CPU.ActiveCfg = Debug|Any CPU
		{998BE3A2-D772-4FA1-B070-4D9DEEC19B90}.Debug|Any CPU.Build.0 = Debug|Any CPU
		{998BE3A2-D772-4FA1-B070-4D9DEEC19B90}.Release|Any CPU.ActiveCfg = Release|Any CPU
		{998BE3A2-D772-4FA1-B070-4D9DEEC19B90}.Release|Any CPU.Build.0 = Release|Any CPU
		{3DB39C5A-118C-4453-BC8D-3D0A77E565A1}.Debug|Any CPU.ActiveCfg = Debug|Any CPU
		{3DB39C5A-118C-4453-BC8D-3D0A77E565A1}.Debug|Any CPU.Build.0 = Debug|Any CPU
		{3DB39C5A-118C-4453-BC8D-3D0A77E565A1}.Release|Any CPU.ActiveCfg = Release|Any CPU
		{3DB39C5A-118C-4453-BC8D-3D0A77E565A1}.Release|Any CPU.Build.0 = Release|Any CPU
		{E655F52D-7316-4CDF-9598-016478C27C88}.Debug|Any CPU.ActiveCfg = Debug|Any CPU
		{E655F52D-7316-4CDF-9598-016478C27C88}.Debug|Any CPU.Build.0 = Debug|Any CPU
		{E655F52D-7316-4CDF-9598-016478C27C88}.Release|Any CPU.ActiveCfg = Release|Any CPU
		{E655F52D-7316-4CDF-9598-016478C27C88}.Release|Any CPU.Build.0 = Release|Any CPU
		{96386FD3-BD9F-4200-979E-007EDC4358C7}.Debug|Any CPU.ActiveCfg = Debug|Any CPU
		{96386FD3-BD9F-4200-979E-007EDC4358C7}.Debug|Any CPU.Build.0 = Debug|Any CPU
		{96386FD3-BD9F-4200-979E-007EDC4358C7}.Release|Any CPU.ActiveCfg = Release|Any CPU
		{96386FD3-BD9F-4200-979E-007EDC4358C7}.Release|Any CPU.Build.0 = Release|Any CPU
		{C17C66C5-F774-4646-A3A3-B0EF75B458B9}.Debug|Any CPU.ActiveCfg = Debug|Any CPU
		{C17C66C5-F774-4646-A3A3-B0EF75B458B9}.Debug|Any CPU.Build.0 = Debug|Any CPU
		{C17C66C5-F774-4646-A3A3-B0EF75B458B9}.Release|Any CPU.ActiveCfg = Release|Any CPU
		{C17C66C5-F774-4646-A3A3-B0EF75B458B9}.Release|Any CPU.Build.0 = Release|Any CPU
		{A983D36F-E3C8-4731-9914-E2BC2D8726D9}.Debug|Any CPU.ActiveCfg = Debug|Any CPU
		{A983D36F-E3C8-4731-9914-E2BC2D8726D9}.Debug|Any CPU.Build.0 = Debug|Any CPU
		{A983D36F-E3C8-4731-9914-E2BC2D8726D9}.Release|Any CPU.ActiveCfg = Release|Any CPU
		{A983D36F-E3C8-4731-9914-E2BC2D8726D9}.Release|Any CPU.Build.0 = Release|Any CPU
		{218E571C-770D-493B-83B7-DFE7A67D346D}.Debug|Any CPU.ActiveCfg = Debug|Any CPU
		{218E571C-770D-493B-83B7-DFE7A67D346D}.Debug|Any CPU.Build.0 = Debug|Any CPU
		{218E571C-770D-493B-83B7-DFE7A67D346D}.Release|Any CPU.ActiveCfg = Release|Any CPU
		{218E571C-770D-493B-83B7-DFE7A67D346D}.Release|Any CPU.Build.0 = Release|Any CPU
		{252D90ED-74FB-4B38-B06A-C2462B137F64}.Debug|Any CPU.ActiveCfg = Debug|Any CPU
		{252D90ED-74FB-4B38-B06A-C2462B137F64}.Debug|Any CPU.Build.0 = Debug|Any CPU
		{252D90ED-74FB-4B38-B06A-C2462B137F64}.Release|Any CPU.ActiveCfg = Release|Any CPU
		{252D90ED-74FB-4B38-B06A-C2462B137F64}.Release|Any CPU.Build.0 = Release|Any CPU
		{71E79260-D9E8-4B2B-967D-336A69B818BA}.Debug|Any CPU.ActiveCfg = Debug|Any CPU
		{71E79260-D9E8-4B2B-967D-336A69B818BA}.Debug|Any CPU.Build.0 = Debug|Any CPU
		{71E79260-D9E8-4B2B-967D-336A69B818BA}.Release|Any CPU.ActiveCfg = Release|Any CPU
		{71E79260-D9E8-4B2B-967D-336A69B818BA}.Release|Any CPU.Build.0 = Release|Any CPU
		{3123E1C2-2EFF-4D45-99F3-B38626170E00}.Debug|Any CPU.ActiveCfg = Debug|Any CPU
		{3123E1C2-2EFF-4D45-99F3-B38626170E00}.Debug|Any CPU.Build.0 = Debug|Any CPU
		{3123E1C2-2EFF-4D45-99F3-B38626170E00}.Release|Any CPU.ActiveCfg = Release|Any CPU
		{3123E1C2-2EFF-4D45-99F3-B38626170E00}.Release|Any CPU.Build.0 = Release|Any CPU
		{DAB87FF8-E170-4660-AC2B-95B25FCE7721}.Debug|Any CPU.ActiveCfg = Debug|Any CPU
		{DAB87FF8-E170-4660-AC2B-95B25FCE7721}.Debug|Any CPU.Build.0 = Debug|Any CPU
		{DAB87FF8-E170-4660-AC2B-95B25FCE7721}.Release|Any CPU.ActiveCfg = Release|Any CPU
		{DAB87FF8-E170-4660-AC2B-95B25FCE7721}.Release|Any CPU.Build.0 = Release|Any CPU
		{530EE0D4-6D54-4302-9321-371E65DC592A}.Debug|Any CPU.ActiveCfg = Debug|Any CPU
		{530EE0D4-6D54-4302-9321-371E65DC592A}.Debug|Any CPU.Build.0 = Debug|Any CPU
		{530EE0D4-6D54-4302-9321-371E65DC592A}.Release|Any CPU.ActiveCfg = Release|Any CPU
		{530EE0D4-6D54-4302-9321-371E65DC592A}.Release|Any CPU.Build.0 = Release|Any CPU
		{805311BF-C03D-47D6-BE71-8094B408C012}.Debug|Any CPU.ActiveCfg = Debug|Any CPU
		{805311BF-C03D-47D6-BE71-8094B408C012}.Debug|Any CPU.Build.0 = Debug|Any CPU
		{805311BF-C03D-47D6-BE71-8094B408C012}.Release|Any CPU.ActiveCfg = Release|Any CPU
		{805311BF-C03D-47D6-BE71-8094B408C012}.Release|Any CPU.Build.0 = Release|Any CPU
		{3A3B32CC-4BFD-4E5A-80CC-26C25FF90E20}.Debug|Any CPU.ActiveCfg = Debug|Any CPU
		{3A3B32CC-4BFD-4E5A-80CC-26C25FF90E20}.Debug|Any CPU.Build.0 = Debug|Any CPU
		{3A3B32CC-4BFD-4E5A-80CC-26C25FF90E20}.Release|Any CPU.ActiveCfg = Release|Any CPU
		{3A3B32CC-4BFD-4E5A-80CC-26C25FF90E20}.Release|Any CPU.Build.0 = Release|Any CPU
		{574995F4-9EC4-47A6-B6A9-72F7D3170591}.Debug|Any CPU.ActiveCfg = Debug|Any CPU
		{574995F4-9EC4-47A6-B6A9-72F7D3170591}.Debug|Any CPU.Build.0 = Debug|Any CPU
		{574995F4-9EC4-47A6-B6A9-72F7D3170591}.Release|Any CPU.ActiveCfg = Release|Any CPU
		{574995F4-9EC4-47A6-B6A9-72F7D3170591}.Release|Any CPU.Build.0 = Release|Any CPU
		{8E516AC9-2206-4BAF-994F-1F7469D22F98}.Debug|Any CPU.ActiveCfg = Debug|Any CPU
		{8E516AC9-2206-4BAF-994F-1F7469D22F98}.Debug|Any CPU.Build.0 = Debug|Any CPU
		{8E516AC9-2206-4BAF-994F-1F7469D22F98}.Release|Any CPU.ActiveCfg = Release|Any CPU
		{8E516AC9-2206-4BAF-994F-1F7469D22F98}.Release|Any CPU.Build.0 = Release|Any CPU
	EndGlobalSection
	GlobalSection(SolutionProperties) = preSolution
		HideSolutionNode = FALSE
	EndGlobalSection
	GlobalSection(NestedProjects) = preSolution
		{706DB19C-39F9-4896-BF28-D7F25290D216} = {B080DF7A-69FE-4BBF-BD0C-194F7BF5CCED}
		{A57D60A6-74AF-4AC8-872F-7D383A314F80} = {B080DF7A-69FE-4BBF-BD0C-194F7BF5CCED}
		{18D6BEE8-4F15-4D97-B929-B3667903050D} = {B080DF7A-69FE-4BBF-BD0C-194F7BF5CCED}
		{998BE3A2-D772-4FA1-B070-4D9DEEC19B90} = {B080DF7A-69FE-4BBF-BD0C-194F7BF5CCED}
		{3DB39C5A-118C-4453-BC8D-3D0A77E565A1} = {B080DF7A-69FE-4BBF-BD0C-194F7BF5CCED}
		{E655F52D-7316-4CDF-9598-016478C27C88} = {F928E806-C0A5-41B2-ABE4-F94AA4C88DC0}
		{96386FD3-BD9F-4200-979E-007EDC4358C7} = {F928E806-C0A5-41B2-ABE4-F94AA4C88DC0}
		{C17C66C5-F774-4646-A3A3-B0EF75B458B9} = {F928E806-C0A5-41B2-ABE4-F94AA4C88DC0}
		{A983D36F-E3C8-4731-9914-E2BC2D8726D9} = {F928E806-C0A5-41B2-ABE4-F94AA4C88DC0}
		{218E571C-770D-493B-83B7-DFE7A67D346D} = {F928E806-C0A5-41B2-ABE4-F94AA4C88DC0}
		{252D90ED-74FB-4B38-B06A-C2462B137F64} = {5FA818E1-802F-4F0B-8AEE-4C380EB1F118}
		{71E79260-D9E8-4B2B-967D-336A69B818BA} = {5FA818E1-802F-4F0B-8AEE-4C380EB1F118}
		{3123E1C2-2EFF-4D45-99F3-B38626170E00} = {5FA818E1-802F-4F0B-8AEE-4C380EB1F118}
		{DAB87FF8-E170-4660-AC2B-95B25FCE7721} = {5FA818E1-802F-4F0B-8AEE-4C380EB1F118}
		{530EE0D4-6D54-4302-9321-371E65DC592A} = {BF697E4A-ABDA-47EF-8406-BBD3FAB8C34F}
		{805311BF-C03D-47D6-BE71-8094B408C012} = {BF697E4A-ABDA-47EF-8406-BBD3FAB8C34F}
		{3A3B32CC-4BFD-4E5A-80CC-26C25FF90E20} = {BF697E4A-ABDA-47EF-8406-BBD3FAB8C34F}
		{574995F4-9EC4-47A6-B6A9-72F7D3170591} = {BF697E4A-ABDA-47EF-8406-BBD3FAB8C34F}
		{8E516AC9-2206-4BAF-994F-1F7469D22F98} = {D8EAB255-2D1E-44D3-82DB-E949E38D19B5}
	EndGlobalSection
	GlobalSection(ExtensibilityGlobals) = postSolution
		SolutionGuid = {4DC30D54-EB1C-4985-9673-EAD8A939E759}
	EndGlobalSection
EndGlobal
